
Microsoft Visual Studio Solution File, Format Version 12.00
# Visual Studio 15
VisualStudioVersion = 15.0.27130.2036
MinimumVisualStudioVersion = 10.0.40219.1
Project("{FAE04EC0-301F-11D3-BF4B-00C04F79EFBC}") = "app-to-rotate-images-using-threads", "app-to-rotate-images-using-threads\app-to-rotate-images-using-threads.csproj", "{9F760B35-711B-4EEF-B5E3-F3C18A8371F1}"
EndProject
Global
	GlobalSection(SolutionConfigurationPlatforms) = preSolution
		Debug|Any CPU = Debug|Any CPU
		Release|Any CPU = Release|Any CPU
	EndGlobalSection
	GlobalSection(ProjectConfigurationPlatforms) = postSolution
		{9F760B35-711B-4EEF-B5E3-F3C18A8371F1}.Debug|Any CPU.ActiveCfg = Debug|Any CPU
		{9F760B35-711B-4EEF-B5E3-F3C18A8371F1}.Debug|Any CPU.Build.0 = Debug|Any CPU
		{9F760B35-711B-4EEF-B5E3-F3C18A8371F1}.Release|Any CPU.ActiveCfg = Release|Any CPU
		{9F760B35-711B-4EEF-B5E3-F3C18A8371F1}.Release|Any CPU.Build.0 = Release|Any CPU
	EndGlobalSection
	GlobalSection(SolutionProperties) = preSolution
		HideSolutionNode = FALSE
	EndGlobalSection
	GlobalSection(ExtensibilityGlobals) = postSolution
		SolutionGuid = {2DE6790F-6DB4-4121-AEB3-0E1E022513A9}
	EndGlobalSection
EndGlobal
